
Microsoft Visual Studio Solution File, Format Version 12.00
# Visual Studio Version 16
VisualStudioVersion = 16.0.29905.134
MinimumVisualStudioVersion = 10.0.40219.1
Project("{FAE04EC0-301F-11D3-BF4B-00C04F79EFBC}") = "MyPhotos", "MyPhotos\MyPhotos.csproj", "{88546134-614F-47C8-978D-DC5FACC19985}"
EndProject
Project("{FAE04EC0-301F-11D3-BF4B-00C04F79EFBC}") = "MyPhotosApp", "MyPhotosApp\MyPhotosApp.csproj", "{712AE37E-1B25-4415-BEBE-2833BB194ADE}"
EndProject
Global
	GlobalSection(SolutionConfigurationPlatforms) = preSolution
		Debug|Any CPU = Debug|Any CPU
		Release|Any CPU = Release|Any CPU
	EndGlobalSection
	GlobalSection(ProjectConfigurationPlatforms) = postSolution
		{88546134-614F-47C8-978D-DC5FACC19985}.Debug|Any CPU.ActiveCfg = Debug|Any CPU
		{88546134-614F-47C8-978D-DC5FACC19985}.Debug|Any CPU.Build.0 = Debug|Any CPU
		{88546134-614F-47C8-978D-DC5FACC19985}.Release|Any CPU.ActiveCfg = Release|Any CPU
		{88546134-614F-47C8-978D-DC5FACC19985}.Release|Any CPU.Build.0 = Release|Any CPU
		{712AE37E-1B25-4415-BEBE-2833BB194ADE}.Debug|Any CPU.ActiveCfg = Debug|Any CPU
		{712AE37E-1B25-4415-BEBE-2833BB194ADE}.Debug|Any CPU.Build.0 = Debug|Any CPU
		{712AE37E-1B25-4415-BEBE-2833BB194ADE}.Release|Any CPU.ActiveCfg = Release|Any CPU
		{712AE37E-1B25-4415-BEBE-2833BB194ADE}.Release|Any CPU.Build.0 = Release|Any CPU
	EndGlobalSection
	GlobalSection(SolutionProperties) = preSolution
		HideSolutionNode = FALSE
	EndGlobalSection
	GlobalSection(ExtensibilityGlobals) = postSolution
		SolutionGuid = {B1E2C28E-6C06-46CF-9861-EAAC1C43887F}
	EndGlobalSection
EndGlobal
