
Microsoft Visual Studio Solution File, Format Version 12.00
# Visual Studio Version 16
VisualStudioVersion = 16.0.29926.136
MinimumVisualStudioVersion = 10.0.40219.1
Project("{FAE04EC0-301F-11D3-BF4B-00C04F79EFBC}") = "gRPC_si_EF", "gRPC_si_EF\gRPC_si_EF.csproj", "{30EF5817-6EC2-4FD9-A9CE-239FB39B2C65}"
EndProject
Global
	GlobalSection(SolutionConfigurationPlatforms) = preSolution
		Debug|Any CPU = Debug|Any CPU
		Release|Any CPU = Release|Any CPU
	EndGlobalSection
	GlobalSection(ProjectConfigurationPlatforms) = postSolution
		{30EF5817-6EC2-4FD9-A9CE-239FB39B2C65}.Debug|Any CPU.ActiveCfg = Debug|Any CPU
		{30EF5817-6EC2-4FD9-A9CE-239FB39B2C65}.Debug|Any CPU.Build.0 = Debug|Any CPU
		{30EF5817-6EC2-4FD9-A9CE-239FB39B2C65}.Release|Any CPU.ActiveCfg = Release|Any CPU
		{30EF5817-6EC2-4FD9-A9CE-239FB39B2C65}.Release|Any CPU.Build.0 = Release|Any CPU
	EndGlobalSection
	GlobalSection(SolutionProperties) = preSolution
		HideSolutionNode = FALSE
	EndGlobalSection
	GlobalSection(ExtensibilityGlobals) = postSolution
		SolutionGuid = {8D341AF8-6259-490D-8411-CAADF74BBE2D}
	EndGlobalSection
EndGlobal
