
Microsoft Visual Studio Solution File, Format Version 12.00
# Visual Studio Version 16
VisualStudioVersion = 16.0.29926.136
MinimumVisualStudioVersion = 10.0.40219.1
Project("{FAE04EC0-301F-11D3-BF4B-00C04F79EFBC}") = "GrpcClient", "GrpcClient\GrpcClient.csproj", "{F3A2013E-DE0F-4392-A82F-779F2AF2887D}"
EndProject
Global
	GlobalSection(SolutionConfigurationPlatforms) = preSolution
		Debug|Any CPU = Debug|Any CPU
		Release|Any CPU = Release|Any CPU
	EndGlobalSection
	GlobalSection(ProjectConfigurationPlatforms) = postSolution
		{F3A2013E-DE0F-4392-A82F-779F2AF2887D}.Debug|Any CPU.ActiveCfg = Debug|Any CPU
		{F3A2013E-DE0F-4392-A82F-779F2AF2887D}.Debug|Any CPU.Build.0 = Debug|Any CPU
		{F3A2013E-DE0F-4392-A82F-779F2AF2887D}.Release|Any CPU.ActiveCfg = Release|Any CPU
		{F3A2013E-DE0F-4392-A82F-779F2AF2887D}.Release|Any CPU.Build.0 = Release|Any CPU
	EndGlobalSection
	GlobalSection(SolutionProperties) = preSolution
		HideSolutionNode = FALSE
	EndGlobalSection
	GlobalSection(ExtensibilityGlobals) = postSolution
		SolutionGuid = {97BF9A60-3E81-487F-9C4C-CD2F35F0979D}
	EndGlobalSection
EndGlobal
