
Microsoft Visual Studio Solution File, Format Version 12.00
# Visual Studio Version 16
VisualStudioVersion = 16.0.29806.167
MinimumVisualStudioVersion = 10.0.40219.1
Project("{FAE04EC0-301F-11D3-BF4B-00C04F79EFBC}") = "GrpcGreeterClient", "GrpcGreeterClient.csproj", "{9D517584-326F-42BF-9F14-C937271B6C63}"
EndProject
Global
	GlobalSection(SolutionConfigurationPlatforms) = preSolution
		Debug|Any CPU = Debug|Any CPU
		Release|Any CPU = Release|Any CPU
	EndGlobalSection
	GlobalSection(ProjectConfigurationPlatforms) = postSolution
		{9D517584-326F-42BF-9F14-C937271B6C63}.Debug|Any CPU.ActiveCfg = Debug|Any CPU
		{9D517584-326F-42BF-9F14-C937271B6C63}.Debug|Any CPU.Build.0 = Debug|Any CPU
		{9D517584-326F-42BF-9F14-C937271B6C63}.Release|Any CPU.ActiveCfg = Release|Any CPU
		{9D517584-326F-42BF-9F14-C937271B6C63}.Release|Any CPU.Build.0 = Release|Any CPU
	EndGlobalSection
	GlobalSection(SolutionProperties) = preSolution
		HideSolutionNode = FALSE
	EndGlobalSection
	GlobalSection(ExtensibilityGlobals) = postSolution
		SolutionGuid = {772C83A8-A0D5-44BC-9988-4B3814F23B3C}
	EndGlobalSection
EndGlobal
